// !$*UTF8*$!
{
	archiveVersion = 1;
	classes = {
	};
	objectVersion = 48;
	objects = {

/* Begin PBXBuildFile section */
		6058439B201AFEFB006D88AE /* AppDelegate.m in Sources */ = {isa = PBXBuildFile; fileRef = 6058439A201AFEFB006D88AE /* AppDelegate.m */; };
		6058439D201AFEFB006D88AE /* Assets.xcassets in Resources */ = {isa = PBXBuildFile; fileRef = 6058439C201AFEFB006D88AE /* Assets.xcassets */; };
		605843A0201AFEFB006D88AE /* MainMenu.xib in Resources */ = {isa = PBXBuildFile; fileRef = 6058439E201AFEFB006D88AE /* MainMenu.xib */; };
		605843A3201AFEFB006D88AE /* main.m in Sources */ = {isa = PBXBuildFile; fileRef = 605843A2201AFEFB006D88AE /* main.m */; };
		605843AD201AFF39006D88AE /* MasterViewController.m in Sources */ = {isa = PBXBuildFile; fileRef = 605843AB201AFF39006D88AE /* MasterViewController.m */; };
		605843AE201AFF39006D88AE /* MasterViewController.xib in Resources */ = {isa = PBXBuildFile; fileRef = 605843AC201AFF39006D88AE /* MasterViewController.xib */; };
		605843B3201B0110006D88AE /* ScaryBugData.m in Sources */ = {isa = PBXBuildFile; fileRef = 605843B2201B0110006D88AE /* ScaryBugData.m */; };
		605843B6201B02FF006D88AE /* ScaryBugsDoc.m in Sources */ = {isa = PBXBuildFile; fileRef = 605843B5201B02FF006D88AE /* ScaryBugsDoc.m */; };
		605843C0201B22D8006D88AE /* centipede.jpg in Resources */ = {isa = PBXBuildFile; fileRef = 605843B8201B22D8006D88AE /* centipede.jpg */; };
		605843C1201B22D8006D88AE /* centipedeThumb.jpg in Resources */ = {isa = PBXBuildFile; fileRef = 605843B9201B22D8006D88AE /* centipedeThumb.jpg */; };
		605843C2201B22D8006D88AE /* ladybug.jpg in Resources */ = {isa = PBXBuildFile; fileRef = 605843BA201B22D8006D88AE /* ladybug.jpg */; };
		605843C3201B22D8006D88AE /* ladybugThumb.jpg in Resources */ = {isa = PBXBuildFile; fileRef = 605843BB201B22D8006D88AE /* ladybugThumb.jpg */; };
		605843C4201B22D8006D88AE /* potatoBug.jpg in Resources */ = {isa = PBXBuildFile; fileRef = 605843BC201B22D8006D88AE /* potatoBug.jpg */; };
		605843C5201B22D8006D88AE /* potatoBugThumb.jpg in Resources */ = {isa = PBXBuildFile; fileRef = 605843BD201B22D8006D88AE /* potatoBugThumb.jpg */; };
		605843C6201B22D8006D88AE /* wolfSpider.jpg in Resources */ = {isa = PBXBuildFile; fileRef = 605843BE201B22D8006D88AE /* wolfSpider.jpg */; };
		605843C7201B22D8006D88AE /* wolfSpiderThumb.jpg in Resources */ = {isa = PBXBuildFile; fileRef = 605843BF201B22D8006D88AE /* wolfSpiderThumb.jpg */; };
		605843CB201B2300006D88AE /* shockedface2_empty.png in Resources */ = {isa = PBXBuildFile; fileRef = 605843C8201B2300006D88AE /* shockedface2_empty.png */; };
		605843CC201B2300006D88AE /* shockedface2_full.png in Resources */ = {isa = PBXBuildFile; fileRef = 605843C9201B2300006D88AE /* shockedface2_full.png */; };
		605843CD201B2300006D88AE /* shockedface2_half.png in Resources */ = {isa = PBXBuildFile; fileRef = 605843CA201B2300006D88AE /* shockedface2_half.png */; };
		605843D3201B2ED8006D88AE /* EDStarRating.m in Sources */ = {isa = PBXBuildFile; fileRef = 605843D2201B2ED8006D88AE /* EDStarRating.m */; };
/* End PBXBuildFile section */

/* Begin PBXFileReference section */
		60584396201AFEFB006D88AE /* ScaryBugsDemo.app */ = {isa = PBXFileReference; explicitFileType = wrapper.application; includeInIndex = 0; path = ScaryBugsDemo.app; sourceTree = BUILT_PRODUCTS_DIR; };
		60584399201AFEFB006D88AE /* AppDelegate.h */ = {isa = PBXFileReference; lastKnownFileType = sourcecode.c.h; path = AppDelegate.h; sourceTree = "<group>"; };
		6058439A201AFEFB006D88AE /* AppDelegate.m */ = {isa = PBXFileReference; lastKnownFileType = sourcecode.c.objc; path = AppDelegate.m; sourceTree = "<group>"; };
		6058439C201AFEFB006D88AE /* Assets.xcassets */ = {isa = PBXFileReference; lastKnownFileType = folder.assetcatalog; path = Assets.xcassets; sourceTree = "<group>"; };
		6058439F201AFEFB006D88AE /* Base */ = {isa = PBXFileReference; lastKnownFileType = file.xib; name = Base; path = Base.lproj/MainMenu.xib; sourceTree = "<group>"; };
		605843A1201AFEFB006D88AE /* Info.plist */ = {isa = PBXFileReference; lastKnownFileType = text.plist.xml; path = Info.plist; sourceTree = "<group>"; };
		605843A2201AFEFB006D88AE /* main.m */ = {isa = PBXFileReference; lastKnownFileType = sourcecode.c.objc; path = main.m; sourceTree = "<group>"; };
		605843A4201AFEFB006D88AE /* ScaryBugsDemo.entitlements */ = {isa = PBXFileReference; lastKnownFileType = text.plist.entitlements; path = ScaryBugsDemo.entitlements; sourceTree = "<group>"; };
		605843AA201AFF39006D88AE /* MasterViewController.h */ = {isa = PBXFileReference; lastKnownFileType = sourcecode.c.h; path = MasterViewController.h; sourceTree = "<group>"; };
		605843AB201AFF39006D88AE /* MasterViewController.m */ = {isa = PBXFileReference; lastKnownFileType = sourcecode.c.objc; path = MasterViewController.m; sourceTree = "<group>"; };
		605843AC201AFF39006D88AE /* MasterViewController.xib */ = {isa = PBXFileReference; lastKnownFileType = file.xib; path = MasterViewController.xib; sourceTree = "<group>"; };
		605843B1201B0110006D88AE /* ScaryBugData.h */ = {isa = PBXFileReference; lastKnownFileType = sourcecode.c.h; path = ScaryBugData.h; sourceTree = "<group>"; };
		605843B2201B0110006D88AE /* ScaryBugData.m */ = {isa = PBXFileReference; lastKnownFileType = sourcecode.c.objc; path = ScaryBugData.m; sourceTree = "<group>"; };
		605843B4201B02FF006D88AE /* ScaryBugsDoc.h */ = {isa = PBXFileReference; lastKnownFileType = sourcecode.c.h; path = ScaryBugsDoc.h; sourceTree = "<group>"; };
		605843B5201B02FF006D88AE /* ScaryBugsDoc.m */ = {isa = PBXFileReference; lastKnownFileType = sourcecode.c.objc; path = ScaryBugsDoc.m; sourceTree = "<group>"; };
		605843B8201B22D8006D88AE /* centipede.jpg */ = {isa = PBXFileReference; lastKnownFileType = image.jpeg; path = centipede.jpg; sourceTree = "<group>"; };
		605843B9201B22D8006D88AE /* centipedeThumb.jpg */ = {isa = PBXFileReference; lastKnownFileType = image.jpeg; path = centipedeThumb.jpg; sourceTree = "<group>"; };
		605843BA201B22D8006D88AE /* ladybug.jpg */ = {isa = PBXFileReference; lastKnownFileType = image.jpeg; path = ladybug.jpg; sourceTree = "<group>"; };
		605843BB201B22D8006D88AE /* ladybugThumb.jpg */ = {isa = PBXFileReference; lastKnownFileType = image.jpeg; path = ladybugThumb.jpg; sourceTree = "<group>"; };
		605843BC201B22D8006D88AE /* potatoBug.jpg */ = {isa = PBXFileReference; lastKnownFileType = image.jpeg; path = potatoBug.jpg; sourceTree = "<group>"; };
		605843BD201B22D8006D88AE /* potatoBugThumb.jpg */ = {isa = PBXFileReference; lastKnownFileType = image.jpeg; path = potatoBugThumb.jpg; sourceTree = "<group>"; };
		605843BE201B22D8006D88AE /* wolfSpider.jpg */ = {isa = PBXFileReference; lastKnownFileType = image.jpeg; path = wolfSpider.jpg; sourceTree = "<group>"; };
		605843BF201B22D8006D88AE /* wolfSpiderThumb.jpg */ = {isa = PBXFileReference; lastKnownFileType = image.jpeg; path = wolfSpiderThumb.jpg; sourceTree = "<group>"; };
		605843C8201B2300006D88AE /* shockedface2_empty.png */ = {isa = PBXFileReference; lastKnownFileType = image.png; path = shockedface2_empty.png; sourceTree = "<group>"; };
		605843C9201B2300006D88AE /* shockedface2_full.png */ = {isa = PBXFileReference; lastKnownFileType = image.png; path = shockedface2_full.png; sourceTree = "<group>"; };
		605843CA201B2300006D88AE /* shockedface2_half.png */ = {isa = PBXFileReference; lastKnownFileType = image.png; path = shockedface2_half.png; sourceTree = "<group>"; };
		605843D1201B2ED8006D88AE /* EDStarRating.h */ = {isa = PBXFileReference; fileEncoding = 4; lastKnownFileType = sourcecode.c.h; path = EDStarRating.h; sourceTree = "<group>"; };
		605843D2201B2ED8006D88AE /* EDStarRating.m */ = {isa = PBXFileReference; fileEncoding = 4; lastKnownFileType = sourcecode.c.objc; path = EDStarRating.m; sourceTree = "<group>"; };
/* End PBXFileReference section */

/* Begin PBXFrameworksBuildPhase section */
		60584393201AFEFB006D88AE /* Frameworks */ = {
			isa = PBXFrameworksBuildPhase;
			buildActionMask = 2147483647;
			files = (
			);
			runOnlyForDeploymentPostprocessing = 0;
		};
/* End PBXFrameworksBuildPhase section */

/* Begin PBXGroup section */
		6058438D201AFEFB006D88AE = {
			isa = PBXGroup;
			children = (
				60584398201AFEFB006D88AE /* ScaryBugsDemo */,
				60584397201AFEFB006D88AE /* Products */,
			);
			sourceTree = "<group>";
		};
		60584397201AFEFB006D88AE /* Products */ = {
			isa = PBXGroup;
			children = (
				60584396201AFEFB006D88AE /* ScaryBugsDemo.app */,
			);
			name = Products;
			sourceTree = "<group>";
		};
		60584398201AFEFB006D88AE /* ScaryBugsDemo */ = {
			isa = PBXGroup;
			children = (
				605843CF201B2CBB006D88AE /* Art */,
				605843CE201B2CBB006D88AE /* Helpers */,
				605843D0201B2CBB006D88AE /* Views */,
				605843B7201B22D8006D88AE /* ScaryBugs */,
				605843B0201B00F4006D88AE /* Model */,
				605843AF201B00D5006D88AE /* GUI */,
				6058439C201AFEFB006D88AE /* Assets.xcassets */,
				605843A1201AFEFB006D88AE /* Info.plist */,
				605843A2201AFEFB006D88AE /* main.m */,
				605843A4201AFEFB006D88AE /* ScaryBugsDemo.entitlements */,
			);
			path = ScaryBugsDemo;
			sourceTree = "<group>";
		};
		605843AF201B00D5006D88AE /* GUI */ = {
			isa = PBXGroup;
			children = (
				60584399201AFEFB006D88AE /* AppDelegate.h */,
				6058439A201AFEFB006D88AE /* AppDelegate.m */,
				605843AA201AFF39006D88AE /* MasterViewController.h */,
				605843AB201AFF39006D88AE /* MasterViewController.m */,
				605843AC201AFF39006D88AE /* MasterViewController.xib */,
				6058439E201AFEFB006D88AE /* MainMenu.xib */,
			);
			path = GUI;
			sourceTree = "<group>";
		};
		605843B0201B00F4006D88AE /* Model */ = {
			isa = PBXGroup;
			children = (
				605843B1201B0110006D88AE /* ScaryBugData.h */,
				605843B2201B0110006D88AE /* ScaryBugData.m */,
				605843B4201B02FF006D88AE /* ScaryBugsDoc.h */,
				605843B5201B02FF006D88AE /* ScaryBugsDoc.m */,
			);
			path = Model;
			sourceTree = "<group>";
		};
		605843B7201B22D8006D88AE /* ScaryBugs */ = {
			isa = PBXGroup;
			children = (
				605843C8201B2300006D88AE /* shockedface2_empty.png */,
				605843C9201B2300006D88AE /* shockedface2_full.png */,
				605843CA201B2300006D88AE /* shockedface2_half.png */,
				605843B8201B22D8006D88AE /* centipede.jpg */,
				605843B9201B22D8006D88AE /* centipedeThumb.jpg */,
				605843BA201B22D8006D88AE /* ladybug.jpg */,
				605843BB201B22D8006D88AE /* ladybugThumb.jpg */,
				605843BC201B22D8006D88AE /* potatoBug.jpg */,
				605843BD201B22D8006D88AE /* potatoBugThumb.jpg */,
				605843BE201B22D8006D88AE /* wolfSpider.jpg */,
				605843BF201B22D8006D88AE /* wolfSpiderThumb.jpg */,
			);
			path = ScaryBugs;
			sourceTree = "<group>";
		};
		605843CE201B2CBB006D88AE /* Helpers */ = {
			isa = PBXGroup;
			children = (
			);
			path = Helpers;
			sourceTree = "<group>";
		};
		605843CF201B2CBB006D88AE /* Art */ = {
			isa = PBXGroup;
			children = (
			);
			path = Art;
			sourceTree = "<group>";
		};
		605843D0201B2CBB006D88AE /* Views */ = {
			isa = PBXGroup;
			children = (
				605843D1201B2ED8006D88AE /* EDStarRating.h */,
				605843D2201B2ED8006D88AE /* EDStarRating.m */,
			);
			path = Views;
			sourceTree = "<group>";
		};
/* End PBXGroup section */

/* Begin PBXNativeTarget section */
		60584395201AFEFB006D88AE /* ScaryBugsDemo */ = {
			isa = PBXNativeTarget;
			buildConfigurationList = 605843A7201AFEFB006D88AE /* Build configuration list for PBXNativeTarget "ScaryBugsDemo" */;
			buildPhases = (
				60584392201AFEFB006D88AE /* Sources */,
				60584393201AFEFB006D88AE /* Frameworks */,
				60584394201AFEFB006D88AE /* Resources */,
			);
			buildRules = (
			);
			dependencies = (
			);
			name = ScaryBugsDemo;
			productName = ScaryBugsDemo;
			productReference = 60584396201AFEFB006D88AE /* ScaryBugsDemo.app */;
			productType = "com.apple.product-type.application";
		};
/* End PBXNativeTarget section */

/* Begin PBXProject section */
		6058438E201AFEFB006D88AE /* Project object */ = {
			isa = PBXProject;
			attributes = {
				LastUpgradeCheck = 0920;
				ORGANIZATIONNAME = liyu;
				TargetAttributes = {
					60584395201AFEFB006D88AE = {
						CreatedOnToolsVersion = 9.2;
						ProvisioningStyle = Automatic;
					};
				};
			};
			buildConfigurationList = 60584391201AFEFB006D88AE /* Build configuration list for PBXProject "ScaryBugsDemo" */;
			compatibilityVersion = "Xcode 8.0";
			developmentRegion = en;
			hasScannedForEncodings = 0;
			knownRegions = (
				en,
				Base,
			);
			mainGroup = 6058438D201AFEFB006D88AE;
			productRefGroup = 60584397201AFEFB006D88AE /* Products */;
			projectDirPath = "";
			projectRoot = "";
			targets = (
				60584395201AFEFB006D88AE /* ScaryBugsDemo */,
			);
		};
/* End PBXProject section */

/* Begin PBXResourcesBuildPhase section */
		60584394201AFEFB006D88AE /* Resources */ = {
			isa = PBXResourcesBuildPhase;
			buildActionMask = 2147483647;
			files = (
				6058439D201AFEFB006D88AE /* Assets.xcassets in Resources */,
				605843CB201B2300006D88AE /* shockedface2_empty.png in Resources */,
				605843C4201B22D8006D88AE /* potatoBug.jpg in Resources */,
				605843C6201B22D8006D88AE /* wolfSpider.jpg in Resources */,
				605843C7201B22D8006D88AE /* wolfSpiderThumb.jpg in Resources */,
				605843C3201B22D8006D88AE /* ladybugThumb.jpg in Resources */,
				605843C0201B22D8006D88AE /* centipede.jpg in Resources */,
				605843C1201B22D8006D88AE /* centipedeThumb.jpg in Resources */,
				605843CC201B2300006D88AE /* shockedface2_full.png in Resources */,
				605843A0201AFEFB006D88AE /* MainMenu.xib in Resources */,
				605843C5201B22D8006D88AE /* potatoBugThumb.jpg in Resources */,
				605843C2201B22D8006D88AE /* ladybug.jpg in Resources */,
				605843CD201B2300006D88AE /* shockedface2_half.png in Resources */,
				605843AE201AFF39006D88AE /* MasterViewController.xib in Resources */,
			);
			runOnlyForDeploymentPostprocessing = 0;
		};
/* End PBXResourcesBuildPhase section */

/* Begin PBXSourcesBuildPhase section */
		60584392201AFEFB006D88AE /* Sources */ = {
			isa = PBXSourcesBuildPhase;
			buildActionMask = 2147483647;
			files = (
				605843B6201B02FF006D88AE /* ScaryBugsDoc.m in Sources */,
				605843A3201AFEFB006D88AE /* main.m in Sources */,
				605843AD201AFF39006D88AE /* MasterViewController.m in Sources */,
				605843D3201B2ED8006D88AE /* EDStarRating.m in Sources */,
				6058439B201AFEFB006D88AE /* AppDelegate.m in Sources */,
				605843B3201B0110006D88AE /* ScaryBugData.m in Sources */,
			);
			runOnlyForDeploymentPostprocessing = 0;
		};
/* End PBXSourcesBuildPhase section */

/* Begin PBXVariantGroup section */
		6058439E201AFEFB006D88AE /* MainMenu.xib */ = {
			isa = PBXVariantGroup;
			children = (
				6058439F201AFEFB006D88AE /* Base */,
			);
			name = MainMenu.xib;
			sourceTree = "<group>";
		};
/* End PBXVariantGroup section */

/* Begin XCBuildConfiguration section */
		605843A5201AFEFB006D88AE /* Debug */ = {
			isa = XCBuildConfiguration;
			buildSettings = {
				ALWAYS_SEARCH_USER_PATHS = NO;
				CLANG_ANALYZER_NONNULL = YES;
				CLANG_ANALYZER_NUMBER_OBJECT_CONVERSION = YES_AGGRESSIVE;
				CLANG_CXX_LANGUAGE_STANDARD = "gnu++14";
				CLANG_CXX_LIBRARY = "libc++";
				CLANG_ENABLE_MODULES = YES;
				CLANG_ENABLE_OBJC_ARC = YES;
				CLANG_WARN_BLOCK_CAPTURE_AUTORELEASING = YES;
				CLANG_WARN_BOOL_CONVERSION = YES;
				CLANG_WARN_COMMA = YES;
				CLANG_WARN_CONSTANT_CONVERSION = YES;
				CLANG_WARN_DIRECT_OBJC_ISA_USAGE = YES_ERROR;
				CLANG_WARN_DOCUMENTATION_COMMENTS = YES;
				CLANG_WARN_EMPTY_BODY = YES;
				CLANG_WARN_ENUM_CONVERSION = YES;
				CLANG_WARN_INFINITE_RECURSION = YES;
				CLANG_WARN_INT_CONVERSION = YES;
				CLANG_WARN_NON_LITERAL_NULL_CONVERSION = YES;
				CLANG_WARN_OBJC_LITERAL_CONVERSION = YES;
				CLANG_WARN_OBJC_ROOT_CLASS = YES_ERROR;
				CLANG_WARN_RANGE_LOOP_ANALYSIS = YES;
				CLANG_WARN_STRICT_PROTOTYPES = YES;
				CLANG_WARN_SUSPICIOUS_MOVE = YES;
				CLANG_WARN_UNGUARDED_AVAILABILITY = YES_AGGRESSIVE;
				CLANG_WARN_UNREACHABLE_CODE = YES;
				CLANG_WARN__DUPLICATE_METHOD_MATCH = YES;
				CODE_SIGN_IDENTITY = "Mac Developer";
				COPY_PHASE_STRIP = NO;
				DEBUG_INFORMATION_FORMAT = dwarf;
				ENABLE_STRICT_OBJC_MSGSEND = YES;
				ENABLE_TESTABILITY = YES;
				GCC_C_LANGUAGE_STANDARD = gnu11;
				GCC_DYNAMIC_NO_PIC = NO;
				GCC_NO_COMMON_BLOCKS = YES;
				GCC_OPTIMIZATION_LEVEL = 0;
				GCC_PREPROCESSOR_DEFINITIONS = (
					"DEBUG=1",
					"$(inherited)",
				);
				GCC_WARN_64_TO_32_BIT_CONVERSION = YES;
				GCC_WARN_ABOUT_RETURN_TYPE = YES_ERROR;
				GCC_WARN_UNDECLARED_SELECTOR = YES;
				GCC_WARN_UNINITIALIZED_AUTOS = YES_AGGRESSIVE;
				GCC_WARN_UNUSED_FUNCTION = YES;
				GCC_WARN_UNUSED_VARIABLE = YES;
				MACOSX_DEPLOYMENT_TARGET = 10.13;
				MTL_ENABLE_DEBUG_INFO = YES;
				ONLY_ACTIVE_ARCH = YES;
				SDKROOT = macosx;
			};
			name = Debug;
		};
		605843A6201AFEFB006D88AE /* Release */ = {
			isa = XCBuildConfiguration;
			buildSettings = {
				ALWAYS_SEARCH_USER_PATHS = NO;
				CLANG_ANALYZER_NONNULL = YES;
				CLANG_ANALYZER_NUMBER_OBJECT_CONVERSION = YES_AGGRESSIVE;
				CLANG_CXX_LANGUAGE_STANDARD = "gnu++14";
				CLANG_CXX_LIBRARY = "libc++";
				CLANG_ENABLE_MODULES = YES;
				CLANG_ENABLE_OBJC_ARC = YES;
				CLANG_WARN_BLOCK_CAPTURE_AUTORELEASING = YES;
				CLANG_WARN_BOOL_CONVERSION = YES;
				CLANG_WARN_COMMA = YES;
				CLANG_WARN_CONSTANT_CONVERSION = YES;
				CLANG_WARN_DIRECT_OBJC_ISA_USAGE = YES_ERROR;
				CLANG_WARN_DOCUMENTATION_COMMENTS = YES;
				CLANG_WARN_EMPTY_BODY = YES;
				CLANG_WARN_ENUM_CONVERSION = YES;
				CLANG_WARN_INFINITE_RECURSION = YES;
				CLANG_WARN_INT_CONVERSION = YES;
				CLANG_WARN_NON_LITERAL_NULL_CONVERSION = YES;
				CLANG_WARN_OBJC_LITERAL_CONVERSION = YES;
				CLANG_WARN_OBJC_ROOT_CLASS = YES_ERROR;
				CLANG_WARN_RANGE_LOOP_ANALYSIS = YES;
				CLANG_WARN_STRICT_PROTOTYPES = YES;
				CLANG_WARN_SUSPICIOUS_MOVE = YES;
				CLANG_WARN_UNGUARDED_AVAILABILITY = YES_AGGRESSIVE;
				CLANG_WARN_UNREACHABLE_CODE = YES;
				CLANG_WARN__DUPLICATE_METHOD_MATCH = YES;
				CODE_SIGN_IDENTITY = "Mac Developer";
				COPY_PHASE_STRIP = NO;
				DEBUG_INFORMATION_FORMAT = "dwarf-with-dsym";
				ENABLE_NS_ASSERTIONS = NO;
				ENABLE_STRICT_OBJC_MSGSEND = YES;
				GCC_C_LANGUAGE_STANDARD = gnu11;
				GCC_NO_COMMON_BLOCKS = YES;
				GCC_WARN_64_TO_32_BIT_CONVERSION = YES;
				GCC_WARN_ABOUT_RETURN_TYPE = YES_ERROR;
				GCC_WARN_UNDECLARED_SELECTOR = YES;
				GCC_WARN_UNINITIALIZED_AUTOS = YES_AGGRESSIVE;
				GCC_WARN_UNUSED_FUNCTION = YES;
				GCC_WARN_UNUSED_VARIABLE = YES;
				MACOSX_DEPLOYMENT_TARGET = 10.13;
				MTL_ENABLE_DEBUG_INFO = NO;
				SDKROOT = macosx;
			};
			name = Release;
		};
		605843A8201AFEFB006D88AE /* Debug */ = {
			isa = XCBuildConfiguration;
			buildSettings = {
				ASSETCATALOG_COMPILER_APPICON_NAME = AppIcon;
				CODE_SIGN_ENTITLEMENTS = ScaryBugsDemo/ScaryBugsDemo.entitlements;
				CODE_SIGN_STYLE = Automatic;
				COMBINE_HIDPI_IMAGES = YES;
				DEVELOPMENT_TEAM = DBCEQJW744;
				INFOPLIST_FILE = ScaryBugsDemo/Info.plist;
				LD_RUNPATH_SEARCH_PATHS = "$(inherited) @executable_path/../Frameworks";
				PRODUCT_BUNDLE_IDENTIFIER = com.liyu.quotes.ScaryBugsDemo;
				PRODUCT_NAME = "$(TARGET_NAME)";
			};
			name = Debug;
		};
		605843A9201AFEFB006D88AE /* Release */ = {
			isa = XCBuildConfiguration;
			buildSettings = {
				ASSETCATALOG_COMPILER_APPICON_NAME = AppIcon;
				CODE_SIGN_ENTITLEMENTS = ScaryBugsDemo/ScaryBugsDemo.entitlements;
				CODE_SIGN_STYLE = Automatic;
				COMBINE_HIDPI_IMAGES = YES;
				DEVELOPMENT_TEAM = DBCEQJW744;
				INFOPLIST_FILE = ScaryBugsDemo/Info.plist;
				LD_RUNPATH_SEARCH_PATHS = "$(inherited) @executable_path/../Frameworks";
				PRODUCT_BUNDLE_IDENTIFIER = com.liyu.quotes.ScaryBugsDemo;
				PRODUCT_NAME = "$(TARGET_NAME)";
			};
			name = Release;
		};
/* End XCBuildConfiguration section */

/* Begin XCConfigurationList section */
		60584391201AFEFB006D88AE /* Build configuration list for PBXProject "ScaryBugsDemo" */ = {
			isa = XCConfigurationList;
			buildConfigurations = (
				605843A5201AFEFB006D88AE /* Debug */,
				605843A6201AFEFB006D88AE /* Release */,
			);
			defaultConfigurationIsVisible = 0;
			defaultConfigurationName = Release;
		};
		605843A7201AFEFB006D88AE /* Build configuration list for PBXNativeTarget "ScaryBugsDemo" */ = {
			isa = XCConfigurationList;
			buildConfigurations = (
				605843A8201AFEFB006D88AE /* Debug */,
				605843A9201AFEFB006D88AE /* Release */,
			);
			defaultConfigurationIsVisible = 0;
			defaultConfigurationName = Release;
		};
/* End XCConfigurationList section */
	};
	rootObject = 6058438E201AFEFB006D88AE /* Project object */;
}
